# THIS IS AN AUTOGENERATED FILE. DO NOT EDIT THIS FILE DIRECTLY.
# yarn lockfile v1


"@aws-cdk/assets@1.31.0":
  version "1.31.0"
  resolved "https://registry.yarnpkg.com/@aws-cdk/assets/-/assets-1.31.0.tgz#5653e4235b0b73e6c5f4a59a5aa2899417b57754"
  integrity sha512-sp/ix+5tQkEjicGlsBtpAzfTHr9ltjgd9NQvk+Vv/NPoyu7kPNsVVZ/gMOZgxuPAfBWYMhCRPKS3x0dV9/LJRA==
  dependencies:
    "@aws-cdk/core" "1.31.0"
    "@aws-cdk/cx-api" "1.31.0"
    constructs "^2.0.0"
    minimatch "^3.0.4"

"@aws-cdk/aws-cloudwatch@1.31.0":
  version "1.31.0"
  resolved "https://registry.yarnpkg.com/@aws-cdk/aws-cloudwatch/-/aws-cloudwatch-1.31.0.tgz#543dbf8ce110f9c7b61c30b292c9861cd6474d9a"
  integrity sha512-gnpfBd8jfvUPgHGxOGiDToIB0ZAUmsI6H7cY234OF+L+QT9LWCV1DBf74U1JNI/QtKyuM50ss0DWUy7Kcgk2Bw==
  dependencies:
    "@aws-cdk/aws-iam" "1.31.0"
    "@aws-cdk/core" "1.31.0"
    constructs "^2.0.0"

"@aws-cdk/aws-ec2@1.31.0":
  version "1.31.0"
  resolved "https://registry.yarnpkg.com/@aws-cdk/aws-ec2/-/aws-ec2-1.31.0.tgz#b9a62b551a00160937780a605c970db15457fe2d"
  integrity sha512-KSepWoJiz0/9zmF5RPskUxgupJJ5fuaczHrAU2lisM7xqGV5h/k0Y7Dj/1VDt4Q4fhws7OuK4W15AtvSmpSlNA==
  dependencies:
    "@aws-cdk/aws-cloudwatch" "1.31.0"
    "@aws-cdk/aws-iam" "1.31.0"
    "@aws-cdk/aws-logs" "1.31.0"
    "@aws-cdk/aws-s3" "1.31.0"
    "@aws-cdk/aws-ssm" "1.31.0"
    "@aws-cdk/core" "1.31.0"
    "@aws-cdk/cx-api" "1.31.0"
    constructs "^2.0.0"

"@aws-cdk/aws-events@1.31.0":
  version "1.31.0"
  resolved "https://registry.yarnpkg.com/@aws-cdk/aws-events/-/aws-events-1.31.0.tgz#2c3b2e169e7f3bea6765d51237e53244d8476f2c"
  integrity sha512-FuBDtelg+KM13ssiHXHX6zLqAOlUO6ZWsmQpG6X9656gFLXT0boJ4PunNONNk2LEAfGOAl0IvpVNxJBkj3zOeA==
  dependencies:
    "@aws-cdk/aws-iam" "1.31.0"
    "@aws-cdk/core" "1.31.0"
    constructs "^2.0.0"

"@aws-cdk/aws-iam@1.31.0":
  version "1.31.0"
  resolved "https://registry.yarnpkg.com/@aws-cdk/aws-iam/-/aws-iam-1.31.0.tgz#c5f1425ef8a5619afb2533ec842325d5e8b78e1d"
  integrity sha512-GPHEkTloJ0XiJQ2kHu4R/vx2OIEYmRvsszPp9XAQBgkq2rF8GxBIXT9bhS0TGDYZ6Tqb2lzIg+iR5K4r/2n4nw==
  dependencies:
    "@aws-cdk/core" "1.31.0"
    "@aws-cdk/region-info" "1.31.0"
    constructs "^2.0.0"

"@aws-cdk/aws-kms@1.31.0":
  version "1.31.0"
  resolved "https://registry.yarnpkg.com/@aws-cdk/aws-kms/-/aws-kms-1.31.0.tgz#22de72d02cc460319bc56b407bf2d02b5f13e1d0"
  integrity sha512-fULWXyxtKpnBn0PyytuPLABAwklDDTfjBmUb0Ado8bSIave0fN5cnilhXv6btIMWQPMx5H9Z/RFD4pq8SwBlXQ==
  dependencies:
    "@aws-cdk/aws-iam" "1.31.0"
    "@aws-cdk/core" "1.31.0"
    constructs "^2.0.0"

"@aws-cdk/aws-lambda@1.31.0":
  version "1.31.0"
  resolved "https://registry.yarnpkg.com/@aws-cdk/aws-lambda/-/aws-lambda-1.31.0.tgz#e5608573044a4a36332da138f357c3b8ec6d6c26"
  integrity sha512-OlnxB+IHH0VQNR2hzgZ5Vg277NTP4PJe18XjLsBorN/gujMtVWfXhOuB02+hGr4KOyJGTlCMiB14cZFBWd0pEA==
  dependencies:
    "@aws-cdk/aws-cloudwatch" "1.31.0"
    "@aws-cdk/aws-ec2" "1.31.0"
    "@aws-cdk/aws-events" "1.31.0"
    "@aws-cdk/aws-iam" "1.31.0"
    "@aws-cdk/aws-logs" "1.31.0"
    "@aws-cdk/aws-s3" "1.31.0"
    "@aws-cdk/aws-s3-assets" "1.31.0"
    "@aws-cdk/aws-sqs" "1.31.0"
    "@aws-cdk/core" "1.31.0"
    "@aws-cdk/cx-api" "1.31.0"
    constructs "^2.0.0"

"@aws-cdk/aws-logs@1.31.0":
  version "1.31.0"
  resolved "https://registry.yarnpkg.com/@aws-cdk/aws-logs/-/aws-logs-1.31.0.tgz#b15c1af8ba3417ce2999db883432968a44b14bdd"
  integrity sha512-efw9m5IUe01+GUs00pDLHgK+L7pWyn3wwNiZs+nm9l+Wm5lNLHWZdy/rx3z5ISc6PSJG/Y+uKpFyb7hSb25W9Q==
  dependencies:
    "@aws-cdk/aws-cloudwatch" "1.31.0"
    "@aws-cdk/aws-iam" "1.31.0"
    "@aws-cdk/core" "1.31.0"
    constructs "^2.0.0"

"@aws-cdk/aws-s3-assets@1.31.0":
  version "1.31.0"
  resolved "https://registry.yarnpkg.com/@aws-cdk/aws-s3-assets/-/aws-s3-assets-1.31.0.tgz#3a4f7dcb9020a139f74c100e52693823ea5c240a"
  integrity sha512-R+8OEcXcSk8bRSezaRBzijWr1Def6yJZ2gPJpEdSjLW4Ts3wzoL2HvFZlxMT5neKw5WANvTLX4v8hoyDcFA8eg==
  dependencies:
    "@aws-cdk/assets" "1.31.0"
    "@aws-cdk/aws-iam" "1.31.0"
    "@aws-cdk/aws-s3" "1.31.0"
    "@aws-cdk/core" "1.31.0"
    "@aws-cdk/cx-api" "1.31.0"
    constructs "^2.0.0"

"@aws-cdk/aws-s3@1.31.0":
  version "1.31.0"
  resolved "https://registry.yarnpkg.com/@aws-cdk/aws-s3/-/aws-s3-1.31.0.tgz#f7f20bb4532f2c0e4c9d5c4d36fb5f849099e3c4"
  integrity sha512-3uP0X69/Nsl09Q3mLak0yPjVjjLAUuqtR0685GTajTpipBFCrIeZ24c01ahw3wPC9oDzmwvBEWUtlkZVco9dBQ==
  dependencies:
    "@aws-cdk/aws-events" "1.31.0"
    "@aws-cdk/aws-iam" "1.31.0"
    "@aws-cdk/aws-kms" "1.31.0"
    "@aws-cdk/core" "1.31.0"
    constructs "^2.0.0"

"@aws-cdk/aws-sqs@1.31.0":
  version "1.31.0"
  resolved "https://registry.yarnpkg.com/@aws-cdk/aws-sqs/-/aws-sqs-1.31.0.tgz#2bbc5a5c1da951d9e07af12c48fc6d7dbfdb42ce"
  integrity sha512-bGDfLULB3fuqbLDJw8qGe/L/AwTcWAHAQVaC00Yu+ZwHWJD5Z4dblxHsH5AC0Qk8qkfmy/EJvFuc2jUdzjh/Gw==
  dependencies:
    "@aws-cdk/aws-cloudwatch" "1.31.0"
    "@aws-cdk/aws-iam" "1.31.0"
    "@aws-cdk/aws-kms" "1.31.0"
    "@aws-cdk/core" "1.31.0"
    constructs "^2.0.0"

"@aws-cdk/aws-ssm@1.31.0":
  version "1.31.0"
  resolved "https://registry.yarnpkg.com/@aws-cdk/aws-ssm/-/aws-ssm-1.31.0.tgz#96be594db361ca0d584e4823cbc3e831885bedb8"
  integrity sha512-gvSy8POIwuNEoW6igebvCO0FQ8B38mmrJc3247p3bEicLG9sxRKYvYItTUncFb69HbcwI8VPfJW+l13bE+EZAw==
  dependencies:
    "@aws-cdk/aws-iam" "1.31.0"
    "@aws-cdk/aws-kms" "1.31.0"
    "@aws-cdk/core" "1.31.0"
    "@aws-cdk/cx-api" "1.31.0"
    constructs "^2.0.0"

"@aws-cdk/core@1.31.0":
  version "1.31.0"
  resolved "https://registry.yarnpkg.com/@aws-cdk/core/-/core-1.31.0.tgz#677b23d047df5df6b5f38b9579662c3629827c1c"
  integrity sha512-HkrcYTCDlS4vjPRtibY70ZhuOAJz3qF+Wp2W/gy+zXGygy0U7bGC/2xwz8555LnYZTUeLEKghQgAFWGtatYEmw==
  dependencies:
    "@aws-cdk/cx-api" "1.31.0"
    constructs "^2.0.0"

"@aws-cdk/cx-api@1.31.0":
  version "1.31.0"
  resolved "https://registry.yarnpkg.com/@aws-cdk/cx-api/-/cx-api-1.31.0.tgz#f1c5f500237dea8c41ce499d9b9999c63d054d59"
  integrity sha512-BV93+UJsboS5x96uVv1L2sfNzyPS93V8MDjd/DJZKYzdX/KgDfK8H8Zg+ZZM0HcBismfZka2Hy7idl2iPs/IQg==
  dependencies:
    semver "^7.1.3"

"@aws-cdk/region-info@1.31.0":
  version "1.31.0"
  resolved "https://registry.yarnpkg.com/@aws-cdk/region-info/-/region-info-1.31.0.tgz#66ca3c9b9b22af2c57d5d5dc87860d0be5b3cb34"
  integrity sha512-9l/VDmfW51AOTgCNxPw0zYfxXrsAOGNiAx1OJifPDjdn1YcXCo56W1+0l/qLqIOKnbR8wHDEeIsf+4v3IJp4qw==

balanced-match@^1.0.0:
  version "1.0.0"
  resolved "https://registry.yarnpkg.com/balanced-match/-/balanced-match-1.0.0.tgz#89b4d199ab2bee49de164ea02b89ce462d71b767"
  integrity sha1-ibTRmasr7kneFk6gK4nORi1xt2c=

brace-expansion@^1.1.7:
  version "1.1.11"
  resolved "https://registry.yarnpkg.com/brace-expansion/-/brace-expansion-1.1.11.tgz#3c7fcbf529d87226f3d2f52b966ff5271eb441dd"
  integrity sha512-iCuPHDFgrHX7H2vEI/5xpz07zSHB00TpugqhmYtVmMO6518mCuRMoOYFldEBl0g187ufozdaHgWKcYFb61qGiA==
  dependencies:
    balanced-match "^1.0.0"
    concat-map "0.0.1"

concat-map@0.0.1:
  version "0.0.1"
  resolved "https://registry.yarnpkg.com/concat-map/-/concat-map-0.0.1.tgz#d8a96bd77fd68df7793a73036a3ba0d5405d477b"
  integrity sha1-2Klr13/Wjfd5OnMDajug1UBdR3s=

constructs@^2.0.0:
  version "2.0.0"
  resolved "https://registry.yarnpkg.com/constructs/-/constructs-2.0.0.tgz#8cd035411254853b87c00bb9fec013c644c1c488"
  integrity sha512-5bW84vSNMZ0XuEW93OTQG+HuPfRRPzVtXcsCAjUhc5Cmm9pHds10vz+GyDTbBZZ9jsFlY+YjXpcuVyTQ7dV14w==

date-fns@2.11.1:
  version "2.11.1"
  resolved "https://registry.yarnpkg.com/date-fns/-/date-fns-2.11.1.tgz#197b8be1bbf5c5e6fe8bea817f0fe111820e7a12"
  integrity sha512-3RdUoinZ43URd2MJcquzBbDQo+J87cSzB8NkXdZiN5ia1UNyep0oCyitfiL88+R7clGTeq/RniXAc16gWyAu1w==

minimatch@^3.0.4:
  version "3.0.4"
  resolved "https://registry.yarnpkg.com/minimatch/-/minimatch-3.0.4.tgz#5166e286457f03306064be5497e8dbb0c3d32083"
  integrity sha512-yJHVQEhyqPLUTgt9B83PXu6W3rx4MvvHvSUvToogpwoGDOUQ+yDrR0HRot+yOCdCO7u4hX3pWft6kWBBcqh0UA==
  dependencies:
    brace-expansion "^1.1.7"

semver@^7.1.3:
  version "7.1.3"
  resolved "https://registry.yarnpkg.com/semver/-/semver-7.1.3.tgz#e4345ce73071c53f336445cfc19efb1c311df2a6"
  integrity sha512-ekM0zfiA9SCBlsKa2X1hxyxiI4L3B6EbVJkkdgQXnSEEaHlGdvyodMruTiulSRWMMB4NeIuYNMC9rTKTz97GxA==
